{
  "nodes": {
    "nekocord-installer": {
      "flake": false,
      "locked": {
        "narHash": "sha256-/89LCtysKgmDN8jGR2lARC7eArnxrENAdiMCSuPZVo0=",
        "type": "file",
        "url": "https://nekocord.dev/uploads/nekocord-installer/main/latest.json"
      },
      "original": {
        "type": "file",
        "url": "https://nekocord.dev/uploads/nekocord-installer/main/latest.json"
      }
    },
    "nekocord-latest": {
      "flake": false,
      "locked": {
        "narHash": "sha256-mhdKEa3IesOeDvM/O9emhapfPzSB4joxLrZrMf4PA9Y=",
        "type": "file",
        "url": "https://nekocord.dev/uploads/nekocord/main/latest.json"
      },
      "original": {
        "type": "file",
        "url": "https://nekocord.dev/uploads/nekocord/main/latest.json"
      }
    },
    "nekocord-latest-dev": {
      "flake": false,
      "locked": {
        "narHash": "sha256-ovHRfdBzF4o12v/Th7UHAtc0yritTt1QKIThTiEO4Ns=",
        "type": "file",
        "url": "https://nekocord.dev/uploads/nekocord/dev/latest.json"
      },
      "original": {
        "type": "file",
        "url": "https://nekocord.dev/uploads/nekocord/dev/latest.json"
      }
    },
    "nixpkgs": {
      "locked": {
        "lastModified": 1733226912,
        "narHash": "sha256-62qhOkrk4ONUfc1rNwqsVMkXgY3AF8QINWT3h8w/Sk0=",
        "owner": "nixos",
        "repo": "nixpkgs",
        "rev": "442b6ae19d90c7f3aba5e25bf3ac569e2e67af59",
        "type": "github"
      },
      "original": {
        "owner": "nixos",
        "repo": "nixpkgs",
        "type": "github"
      }
    },
    "root": {
      "inputs": {
        "nekocord-installer": "nekocord-installer",
        "nekocord-latest": "nekocord-latest",
        "nekocord-latest-dev": "nekocord-latest-dev",
        "nixpkgs": "nixpkgs"
      }
    }
  },
  "root": "root",
  "version": 7
}
