{
  "nodes": {
    "nekocord-installer": {
      "flake": false,
      "locked": {
        "narHash": "sha256-/89LCtysKgmDN8jGR2lARC7eArnxrENAdiMCSuPZVo0=",
        "type": "file",
        "url": "https://nekocord.dev/uploads/nekocord-installer/main/latest.json"
      },
      "original": {
        "type": "file",
        "url": "https://nekocord.dev/uploads/nekocord-installer/main/latest.json"
      }
    },
    "nekocord-latest": {
      "flake": false,
      "locked": {
        "narHash": "sha256-DQw1QXxrsrbuNQZl0LyTRIZZbfrNjiZIEEIZWVhLgQg=",
        "type": "file",
        "url": "https://nekocord.dev/uploads/nekocord/main/latest.json"
      },
      "original": {
        "type": "file",
        "url": "https://nekocord.dev/uploads/nekocord/main/latest.json"
      }
    },
    "nekocord-latest-dev": {
      "flake": false,
      "locked": {
        "narHash": "sha256-Ns+1t7XjrS+TbXWjGEtSTwkqykbjSQ/t0weJh/qhdGI=",
        "type": "file",
        "url": "https://nekocord.dev/uploads/nekocord/dev/latest.json"
      },
      "original": {
        "type": "file",
        "url": "https://nekocord.dev/uploads/nekocord/dev/latest.json"
      }
    },
    "nixpkgs": {
      "locked": {
        "lastModified": 1731458571,
        "narHash": "sha256-rRvdDR+FvDpuqatvfSXfSPn1ZoBzkeA1fAY5Qp+P2y4=",
        "owner": "nixos",
        "repo": "nixpkgs",
        "rev": "77467888ceadd6d75a29e7c8b0d688046f2db85e",
        "type": "github"
      },
      "original": {
        "owner": "nixos",
        "repo": "nixpkgs",
        "type": "github"
      }
    },
    "root": {
      "inputs": {
        "nekocord-installer": "nekocord-installer",
        "nekocord-latest": "nekocord-latest",
        "nekocord-latest-dev": "nekocord-latest-dev",
        "nixpkgs": "nixpkgs"
      }
    }
  },
  "root": "root",
  "version": 7
}
